// !$*UTF8*$!
{
	archiveVersion = 1;
	classes = {
	};
	objectVersion = 56;
	objects = {

/* Begin PBXBuildFile section */
		806DA5CC286558480088FA0A /* CarouselParallaxEffectApp.swift in Sources */ = {isa = PBXBuildFile; fileRef = 806DA5CB286558480088FA0A /* CarouselParallaxEffectApp.swift */; };
		806DA5CE286558480088FA0A /* HomeView.swift in Sources */ = {isa = PBXBuildFile; fileRef = 806DA5CD286558480088FA0A /* HomeView.swift */; };
		806DA5D0286558490088FA0A /* Assets.xcassets in Resources */ = {isa = PBXBuildFile; fileRef = 806DA5CF286558490088FA0A /* Assets.xcassets */; };
		806DA5D3286558490088FA0A /* Preview Assets.xcassets in Resources */ = {isa = PBXBuildFile; fileRef = 806DA5D2286558490088FA0A /* Preview Assets.xcassets */; };
		806DA5DB2865593E0088FA0A /* CardView.swift in Sources */ = {isa = PBXBuildFile; fileRef = 806DA5DA2865593E0088FA0A /* CardView.swift */; };
		806DA5DD2867389B0088FA0A /* TempVideoExample.swift in Sources */ = {isa = PBXBuildFile; fileRef = 806DA5DC2867389B0088FA0A /* TempVideoExample.swift */; };
		806DA5DF28673B640088FA0A /* Color.swift in Sources */ = {isa = PBXBuildFile; fileRef = 806DA5DE28673B640088FA0A /* Color.swift */; };
		806DA5E228673F270088FA0A /* TempVEItem.swift in Sources */ = {isa = PBXBuildFile; fileRef = 806DA5E128673F270088FA0A /* TempVEItem.swift */; };
/* End PBXBuildFile section */

/* Begin PBXFileReference section */
		806DA5C8286558480088FA0A /* CarouselParallaxEffect.app */ = {isa = PBXFileReference; explicitFileType = wrapper.application; includeInIndex = 0; path = CarouselParallaxEffect.app; sourceTree = BUILT_PRODUCTS_DIR; };
		806DA5CB286558480088FA0A /* CarouselParallaxEffectApp.swift */ = {isa = PBXFileReference; lastKnownFileType = sourcecode.swift; path = CarouselParallaxEffectApp.swift; sourceTree = "<group>"; };
		806DA5CD286558480088FA0A /* HomeView.swift */ = {isa = PBXFileReference; lastKnownFileType = sourcecode.swift; path = HomeView.swift; sourceTree = "<group>"; };
		806DA5CF286558490088FA0A /* Assets.xcassets */ = {isa = PBXFileReference; lastKnownFileType = folder.assetcatalog; path = Assets.xcassets; sourceTree = "<group>"; };
		806DA5D2286558490088FA0A /* Preview Assets.xcassets */ = {isa = PBXFileReference; lastKnownFileType = folder.assetcatalog; path = "Preview Assets.xcassets"; sourceTree = "<group>"; };
		806DA5DA2865593E0088FA0A /* CardView.swift */ = {isa = PBXFileReference; lastKnownFileType = sourcecode.swift; path = CardView.swift; sourceTree = "<group>"; };
		806DA5DC2867389B0088FA0A /* TempVideoExample.swift */ = {isa = PBXFileReference; lastKnownFileType = sourcecode.swift; path = TempVideoExample.swift; sourceTree = "<group>"; };
		806DA5DE28673B640088FA0A /* Color.swift */ = {isa = PBXFileReference; lastKnownFileType = sourcecode.swift; path = Color.swift; sourceTree = "<group>"; };
		806DA5E128673F270088FA0A /* TempVEItem.swift */ = {isa = PBXFileReference; lastKnownFileType = sourcecode.swift; path = TempVEItem.swift; sourceTree = "<group>"; };
/* End PBXFileReference section */

/* Begin PBXFrameworksBuildPhase section */
		806DA5C5286558480088FA0A /* Frameworks */ = {
			isa = PBXFrameworksBuildPhase;
			buildActionMask = 2147483647;
			files = (
			);
			runOnlyForDeploymentPostprocessing = 0;
		};
/* End PBXFrameworksBuildPhase section */

/* Begin PBXGroup section */
		806DA5BF286558480088FA0A = {
			isa = PBXGroup;
			children = (
				806DA5CA286558480088FA0A /* CarouselParallaxEffect */,
				806DA5C9286558480088FA0A /* Products */,
			);
			sourceTree = "<group>";
		};
		806DA5C9286558480088FA0A /* Products */ = {
			isa = PBXGroup;
			children = (
				806DA5C8286558480088FA0A /* CarouselParallaxEffect.app */,
			);
			name = Products;
			sourceTree = "<group>";
		};
		806DA5CA286558480088FA0A /* CarouselParallaxEffect */ = {
			isa = PBXGroup;
			children = (
				806DA5CB286558480088FA0A /* CarouselParallaxEffectApp.swift */,
				806DA5D9286559290088FA0A /* View */,
				806DA5E028673B690088FA0A /* Extension */,
				806DA5DC2867389B0088FA0A /* TempVideoExample.swift */,
				806DA5E128673F270088FA0A /* TempVEItem.swift */,
				806DA5CF286558490088FA0A /* Assets.xcassets */,
				806DA5D1286558490088FA0A /* Preview Content */,
			);
			path = CarouselParallaxEffect;
			sourceTree = "<group>";
		};
		806DA5D1286558490088FA0A /* Preview Content */ = {
			isa = PBXGroup;
			children = (
				806DA5D2286558490088FA0A /* Preview Assets.xcassets */,
			);
			path = "Preview Content";
			sourceTree = "<group>";
		};
		806DA5D9286559290088FA0A /* View */ = {
			isa = PBXGroup;
			children = (
				806DA5CD286558480088FA0A /* HomeView.swift */,
				806DA5DA2865593E0088FA0A /* CardView.swift */,
			);
			path = View;
			sourceTree = "<group>";
		};
		806DA5E028673B690088FA0A /* Extension */ = {
			isa = PBXGroup;
			children = (
				806DA5DE28673B640088FA0A /* Color.swift */,
			);
			path = Extension;
			sourceTree = "<group>";
		};
/* End PBXGroup section */

/* Begin PBXNativeTarget section */
		806DA5C7286558480088FA0A /* CarouselParallaxEffect */ = {
			isa = PBXNativeTarget;
			buildConfigurationList = 806DA5D6286558490088FA0A /* Build configuration list for PBXNativeTarget "CarouselParallaxEffect" */;
			buildPhases = (
				806DA5C4286558480088FA0A /* Sources */,
				806DA5C5286558480088FA0A /* Frameworks */,
				806DA5C6286558480088FA0A /* Resources */,
			);
			buildRules = (
			);
			dependencies = (
			);
			name = CarouselParallaxEffect;
			productName = CarouselParallaxEffect;
			productReference = 806DA5C8286558480088FA0A /* CarouselParallaxEffect.app */;
			productType = "com.apple.product-type.application";
		};
/* End PBXNativeTarget section */

/* Begin PBXProject section */
		806DA5C0286558480088FA0A /* Project object */ = {
			isa = PBXProject;
			attributes = {
				BuildIndependentTargetsInParallel = 1;
				LastSwiftUpdateCheck = 1400;
				LastUpgradeCheck = 1400;
				TargetAttributes = {
					806DA5C7286558480088FA0A = {
						CreatedOnToolsVersion = 14.0;
					};
				};
			};
			buildConfigurationList = 806DA5C3286558480088FA0A /* Build configuration list for PBXProject "CarouselParallaxEffect" */;
			compatibilityVersion = "Xcode 14.0";
			developmentRegion = en;
			hasScannedForEncodings = 0;
			knownRegions = (
				en,
				Base,
			);
			mainGroup = 806DA5BF286558480088FA0A;
			productRefGroup = 806DA5C9286558480088FA0A /* Products */;
			projectDirPath = "";
			projectRoot = "";
			targets = (
				806DA5C7286558480088FA0A /* CarouselParallaxEffect */,
			);
		};
/* End PBXProject section */

/* Begin PBXResourcesBuildPhase section */
		806DA5C6286558480088FA0A /* Resources */ = {
			isa = PBXResourcesBuildPhase;
			buildActionMask = 2147483647;
			files = (
				806DA5D3286558490088FA0A /* Preview Assets.xcassets in Resources */,
				806DA5D0286558490088FA0A /* Assets.xcassets in Resources */,
			);
			runOnlyForDeploymentPostprocessing = 0;
		};
/* End PBXResourcesBuildPhase section */

/* Begin PBXSourcesBuildPhase section */
		806DA5C4286558480088FA0A /* Sources */ = {
			isa = PBXSourcesBuildPhase;
			buildActionMask = 2147483647;
			files = (
				806DA5CE286558480088FA0A /* HomeView.swift in Sources */,
				806DA5DB2865593E0088FA0A /* CardView.swift in Sources */,
				806DA5DD2867389B0088FA0A /* TempVideoExample.swift in Sources */,
				806DA5DF28673B640088FA0A /* Color.swift in Sources */,
				806DA5CC286558480088FA0A /* CarouselParallaxEffectApp.swift in Sources */,
				806DA5E228673F270088FA0A /* TempVEItem.swift in Sources */,
			);
			runOnlyForDeploymentPostprocessing = 0;
		};
/* End PBXSourcesBuildPhase section */

/* Begin XCBuildConfiguration section */
		806DA5D4286558490088FA0A /* Debug */ = {
			isa = XCBuildConfiguration;
			buildSettings = {
				ALWAYS_SEARCH_USER_PATHS = NO;
				CLANG_ANALYZER_NONNULL = YES;
				CLANG_ANALYZER_NUMBER_OBJECT_CONVERSION = YES_AGGRESSIVE;
				CLANG_CXX_LANGUAGE_STANDARD = "gnu++17";
				CLANG_ENABLE_MODULES = YES;
				CLANG_ENABLE_OBJC_ARC = YES;
				CLANG_ENABLE_OBJC_WEAK = YES;
				CLANG_WARN_BLOCK_CAPTURE_AUTORELEASING = YES;
				CLANG_WARN_BOOL_CONVERSION = YES;
				CLANG_WARN_COMMA = YES;
				CLANG_WARN_CONSTANT_CONVERSION = YES;
				CLANG_WARN_DEPRECATED_OBJC_IMPLEMENTATIONS = YES;
				CLANG_WARN_DIRECT_OBJC_ISA_USAGE = YES_ERROR;
				CLANG_WARN_DOCUMENTATION_COMMENTS = YES;
				CLANG_WARN_EMPTY_BODY = YES;
				CLANG_WARN_ENUM_CONVERSION = YES;
				CLANG_WARN_INFINITE_RECURSION = YES;
				CLANG_WARN_INT_CONVERSION = YES;
				CLANG_WARN_NON_LITERAL_NULL_CONVERSION = YES;
				CLANG_WARN_OBJC_IMPLICIT_RETAIN_SELF = YES;
				CLANG_WARN_OBJC_LITERAL_CONVERSION = YES;
				CLANG_WARN_OBJC_ROOT_CLASS = YES_ERROR;
				CLANG_WARN_QUOTED_INCLUDE_IN_FRAMEWORK_HEADER = YES;
				CLANG_WARN_RANGE_LOOP_ANALYSIS = YES;
				CLANG_WARN_STRICT_PROTOTYPES = YES;
				CLANG_WARN_SUSPICIOUS_MOVE = YES;
				CLANG_WARN_UNGUARDED_AVAILABILITY = YES_AGGRESSIVE;
				CLANG_WARN_UNREACHABLE_CODE = YES;
				CLANG_WARN__DUPLICATE_METHOD_MATCH = YES;
				COPY_PHASE_STRIP = NO;
				DEBUG_INFORMATION_FORMAT = dwarf;
				ENABLE_STRICT_OBJC_MSGSEND = YES;
				ENABLE_TESTABILITY = YES;
				GCC_C_LANGUAGE_STANDARD = gnu11;
				GCC_DYNAMIC_NO_PIC = NO;
				GCC_NO_COMMON_BLOCKS = YES;
				GCC_OPTIMIZATION_LEVEL = 0;
				GCC_PREPROCESSOR_DEFINITIONS = (
					"DEBUG=1",
					"$(inherited)",
				);
				GCC_WARN_64_TO_32_BIT_CONVERSION = YES;
				GCC_WARN_ABOUT_RETURN_TYPE = YES_ERROR;
				GCC_WARN_UNDECLARED_SELECTOR = YES;
				GCC_WARN_UNINITIALIZED_AUTOS = YES_AGGRESSIVE;
				GCC_WARN_UNUSED_FUNCTION = YES;
				GCC_WARN_UNUSED_VARIABLE = YES;
				IPHONEOS_DEPLOYMENT_TARGET = 16.0;
				MTL_ENABLE_DEBUG_INFO = INCLUDE_SOURCE;
				MTL_FAST_MATH = YES;
				ONLY_ACTIVE_ARCH = YES;
				SDKROOT = iphoneos;
				SWIFT_ACTIVE_COMPILATION_CONDITIONS = DEBUG;
				SWIFT_OPTIMIZATION_LEVEL = "-Onone";
			};
			name = Debug;
		};
		806DA5D5286558490088FA0A /* Release */ = {
			isa = XCBuildConfiguration;
			buildSettings = {
				ALWAYS_SEARCH_USER_PATHS = NO;
				CLANG_ANALYZER_NONNULL = YES;
				CLANG_ANALYZER_NUMBER_OBJECT_CONVERSION = YES_AGGRESSIVE;
				CLANG_CXX_LANGUAGE_STANDARD = "gnu++17";
				CLANG_ENABLE_MODULES = YES;
				CLANG_ENABLE_OBJC_ARC = YES;
				CLANG_ENABLE_OBJC_WEAK = YES;
				CLANG_WARN_BLOCK_CAPTURE_AUTORELEASING = YES;
				CLANG_WARN_BOOL_CONVERSION = YES;
				CLANG_WARN_COMMA = YES;
				CLANG_WARN_CONSTANT_CONVERSION = YES;
				CLANG_WARN_DEPRECATED_OBJC_IMPLEMENTATIONS = YES;
				CLANG_WARN_DIRECT_OBJC_ISA_USAGE = YES_ERROR;
				CLANG_WARN_DOCUMENTATION_COMMENTS = YES;
				CLANG_WARN_EMPTY_BODY = YES;
				CLANG_WARN_ENUM_CONVERSION = YES;
				CLANG_WARN_INFINITE_RECURSION = YES;
				CLANG_WARN_INT_CONVERSION = YES;
				CLANG_WARN_NON_LITERAL_NULL_CONVERSION = YES;
				CLANG_WARN_OBJC_IMPLICIT_RETAIN_SELF = YES;
				CLANG_WARN_OBJC_LITERAL_CONVERSION = YES;
				CLANG_WARN_OBJC_ROOT_CLASS = YES_ERROR;
				CLANG_WARN_QUOTED_INCLUDE_IN_FRAMEWORK_HEADER = YES;
				CLANG_WARN_RANGE_LOOP_ANALYSIS = YES;
				CLANG_WARN_STRICT_PROTOTYPES = YES;
				CLANG_WARN_SUSPICIOUS_MOVE = YES;
				CLANG_WARN_UNGUARDED_AVAILABILITY = YES_AGGRESSIVE;
				CLANG_WARN_UNREACHABLE_CODE = YES;
				CLANG_WARN__DUPLICATE_METHOD_MATCH = YES;
				COPY_PHASE_STRIP = NO;
				DEBUG_INFORMATION_FORMAT = "dwarf-with-dsym";
				ENABLE_NS_ASSERTIONS = NO;
				ENABLE_STRICT_OBJC_MSGSEND = YES;
				GCC_C_LANGUAGE_STANDARD = gnu11;
				GCC_NO_COMMON_BLOCKS = YES;
				GCC_WARN_64_TO_32_BIT_CONVERSION = YES;
				GCC_WARN_ABOUT_RETURN_TYPE = YES_ERROR;
				GCC_WARN_UNDECLARED_SELECTOR = YES;
				GCC_WARN_UNINITIALIZED_AUTOS = YES_AGGRESSIVE;
				GCC_WARN_UNUSED_FUNCTION = YES;
				GCC_WARN_UNUSED_VARIABLE = YES;
				IPHONEOS_DEPLOYMENT_TARGET = 16.0;
				MTL_ENABLE_DEBUG_INFO = NO;
				MTL_FAST_MATH = YES;
				SDKROOT = iphoneos;
				SWIFT_COMPILATION_MODE = wholemodule;
				SWIFT_OPTIMIZATION_LEVEL = "-O";
				VALIDATE_PRODUCT = YES;
			};
			name = Release;
		};
		806DA5D7286558490088FA0A /* Debug */ = {
			isa = XCBuildConfiguration;
			buildSettings = {
				ASSETCATALOG_COMPILER_APPICON_NAME = AppIcon;
				ASSETCATALOG_COMPILER_GLOBAL_ACCENT_COLOR_NAME = AccentColor;
				CODE_SIGN_STYLE = Automatic;
				CURRENT_PROJECT_VERSION = 1;
				DEVELOPMENT_ASSET_PATHS = "\"CarouselParallaxEffect/Preview Content\"";
				DEVELOPMENT_TEAM = 879U287R5Q;
				ENABLE_PREVIEWS = YES;
				GENERATE_INFOPLIST_FILE = YES;
				INFOPLIST_KEY_UIApplicationSceneManifest_Generation = YES;
				INFOPLIST_KEY_UIApplicationSupportsIndirectInputEvents = YES;
				INFOPLIST_KEY_UILaunchScreen_Generation = YES;
				INFOPLIST_KEY_UISupportedInterfaceOrientations_iPad = "UIInterfaceOrientationPortrait UIInterfaceOrientationPortraitUpsideDown UIInterfaceOrientationLandscapeLeft UIInterfaceOrientationLandscapeRight";
				INFOPLIST_KEY_UISupportedInterfaceOrientations_iPhone = "UIInterfaceOrientationPortrait UIInterfaceOrientationLandscapeLeft UIInterfaceOrientationLandscapeRight";
				IPHONEOS_DEPLOYMENT_TARGET = 15.0;
				LD_RUNPATH_SEARCH_PATHS = (
					"$(inherited)",
					"@executable_path/Frameworks",
				);
				MARKETING_VERSION = 1.0;
				PRODUCT_BUNDLE_IDENTIFIER = ihValery.CarouselParallaxEffect;
				PRODUCT_NAME = "$(TARGET_NAME)";
				SWIFT_EMIT_LOC_STRINGS = YES;
				SWIFT_VERSION = 5.0;
				TARGETED_DEVICE_FAMILY = "1,2";
			};
			name = Debug;
		};
		806DA5D8286558490088FA0A /* Release */ = {
			isa = XCBuildConfiguration;
			buildSettings = {
				ASSETCATALOG_COMPILER_APPICON_NAME = AppIcon;
				ASSETCATALOG_COMPILER_GLOBAL_ACCENT_COLOR_NAME = AccentColor;
				CODE_SIGN_STYLE = Automatic;
				CURRENT_PROJECT_VERSION = 1;
				DEVELOPMENT_ASSET_PATHS = "\"CarouselParallaxEffect/Preview Content\"";
				DEVELOPMENT_TEAM = 879U287R5Q;
				ENABLE_PREVIEWS = YES;
				GENERATE_INFOPLIST_FILE = YES;
				INFOPLIST_KEY_UIApplicationSceneManifest_Generation = YES;
				INFOPLIST_KEY_UIApplicationSupportsIndirectInputEvents = YES;
				INFOPLIST_KEY_UILaunchScreen_Generation = YES;
				INFOPLIST_KEY_UISupportedInterfaceOrientations_iPad = "UIInterfaceOrientationPortrait UIInterfaceOrientationPortraitUpsideDown UIInterfaceOrientationLandscapeLeft UIInterfaceOrientationLandscapeRight";
				INFOPLIST_KEY_UISupportedInterfaceOrientations_iPhone = "UIInterfaceOrientationPortrait UIInterfaceOrientationLandscapeLeft UIInterfaceOrientationLandscapeRight";
				IPHONEOS_DEPLOYMENT_TARGET = 15.0;
				LD_RUNPATH_SEARCH_PATHS = (
					"$(inherited)",
					"@executable_path/Frameworks",
				);
				MARKETING_VERSION = 1.0;
				PRODUCT_BUNDLE_IDENTIFIER = ihValery.CarouselParallaxEffect;
				PRODUCT_NAME = "$(TARGET_NAME)";
				SWIFT_EMIT_LOC_STRINGS = YES;
				SWIFT_VERSION = 5.0;
				TARGETED_DEVICE_FAMILY = "1,2";
			};
			name = Release;
		};
/* End XCBuildConfiguration section */

/* Begin XCConfigurationList section */
		806DA5C3286558480088FA0A /* Build configuration list for PBXProject "CarouselParallaxEffect" */ = {
			isa = XCConfigurationList;
			buildConfigurations = (
				806DA5D4286558490088FA0A /* Debug */,
				806DA5D5286558490088FA0A /* Release */,
			);
			defaultConfigurationIsVisible = 0;
			defaultConfigurationName = Release;
		};
		806DA5D6286558490088FA0A /* Build configuration list for PBXNativeTarget "CarouselParallaxEffect" */ = {
			isa = XCConfigurationList;
			buildConfigurations = (
				806DA5D7286558490088FA0A /* Debug */,
				806DA5D8286558490088FA0A /* Release */,
			);
			defaultConfigurationIsVisible = 0;
			defaultConfigurationName = Release;
		};
/* End XCConfigurationList section */
	};
	rootObject = 806DA5C0286558480088FA0A /* Project object */;
}
